
Microsoft Visual Studio Solution File, Format Version 12.00
# Visual Studio Version 16
VisualStudioVersion = 16.0.29001.49
MinimumVisualStudioVersion = 10.0.40219.1
Project("{9A19103F-16F7-4668-BE54-9A1E7A4F7556}") = "AggregatorService", "AggregatorService.csproj", "{52399CFF-01D5-4C64-BB31-B08EDE20C498}"
EndProject
Project("{9A19103F-16F7-4668-BE54-9A1E7A4F7556}") = "Service_1", "Service_1\Service_1\Service_1.csproj", "{46C746E7-F0AA-4908-A7D4-F0B5D5326599}"
EndProject
Project("{9A19103F-16F7-4668-BE54-9A1E7A4F7556}") = "Service_2", "Service_2\Service_2\Service_2.csproj", "{24785876-0066-4809-873B-D129BC55A175}"
EndProject
Global
	GlobalSection(SolutionConfigurationPlatforms) = preSolution
		Debug|Any CPU = Debug|Any CPU
		Release|Any CPU = Release|Any CPU
	EndGlobalSection
	GlobalSection(ProjectConfigurationPlatforms) = postSolution
		{52399CFF-01D5-4C64-BB31-B08EDE20C498}.Debug|Any CPU.ActiveCfg = Debug|Any CPU
		{52399CFF-01D5-4C64-BB31-B08EDE20C498}.Debug|Any CPU.Build.0 = Debug|Any CPU
		{52399CFF-01D5-4C64-BB31-B08EDE20C498}.Release|Any CPU.ActiveCfg = Release|Any CPU
		{52399CFF-01D5-4C64-BB31-B08EDE20C498}.Release|Any CPU.Build.0 = Release|Any CPU
		{46C746E7-F0AA-4908-A7D4-F0B5D5326599}.Debug|Any CPU.ActiveCfg = Debug|Any CPU
		{46C746E7-F0AA-4908-A7D4-F0B5D5326599}.Debug|Any CPU.Build.0 = Debug|Any CPU
		{46C746E7-F0AA-4908-A7D4-F0B5D5326599}.Release|Any CPU.ActiveCfg = Release|Any CPU
		{46C746E7-F0AA-4908-A7D4-F0B5D5326599}.Release|Any CPU.Build.0 = Release|Any CPU
		{24785876-0066-4809-873B-D129BC55A175}.Debug|Any CPU.ActiveCfg = Debug|Any CPU
		{24785876-0066-4809-873B-D129BC55A175}.Debug|Any CPU.Build.0 = Debug|Any CPU
		{24785876-0066-4809-873B-D129BC55A175}.Release|Any CPU.ActiveCfg = Release|Any CPU
		{24785876-0066-4809-873B-D129BC55A175}.Release|Any CPU.Build.0 = Release|Any CPU
	EndGlobalSection
	GlobalSection(SolutionProperties) = preSolution
		HideSolutionNode = FALSE
	EndGlobalSection
	GlobalSection(ExtensibilityGlobals) = postSolution
		SolutionGuid = {66244145-C3A8-4C88-BBFD-8B73081DD41E}
	EndGlobalSection
EndGlobal
